
Microsoft Visual Studio Solution File, Format Version 12.00
# Visual Studio 15
Project("{FAE04EC0-301F-11D3-BF4B-00C04F79EFBC}") = "UnityEngine.UI", "UnityEngine.UI.csproj", "{EBB9A77E-D72C-663B-B131-D54E26009FA0}"
EndProject
Project("{FAE04EC0-301F-11D3-BF4B-00C04F79EFBC}") = "Assembly-CSharp", "Assembly-CSharp.csproj", "{59657FE0-2A64-E1B9-FF2D-1B8FF63555E5}"
EndProject
Project("{FAE04EC0-301F-11D3-BF4B-00C04F79EFBC}") = "UnityEditor.UI", "UnityEditor.UI.csproj", "{61F9988D-6CDA-7A65-DC59-53E037F6BABE}"
EndProject
Global
	GlobalSection(SolutionConfigurationPlatforms) = preSolution
		Debug|Any CPU = Debug|Any CPU
		Release|Any CPU = Release|Any CPU
	EndGlobalSection
	GlobalSection(ProjectConfigurationPlatforms) = postSolution
		{EBB9A77E-D72C-663B-B131-D54E26009FA0}.Debug|Any CPU.ActiveCfg = Debug|Any CPU
		{EBB9A77E-D72C-663B-B131-D54E26009FA0}.Debug|Any CPU.Build.0 = Debug|Any CPU
		{EBB9A77E-D72C-663B-B131-D54E26009FA0}.Release|Any CPU.ActiveCfg = Release|Any CPU
		{EBB9A77E-D72C-663B-B131-D54E26009FA0}.Release|Any CPU.Build.0 = Release|Any CPU
		{59657FE0-2A64-E1B9-FF2D-1B8FF63555E5}.Debug|Any CPU.ActiveCfg = Debug|Any CPU
		{59657FE0-2A64-E1B9-FF2D-1B8FF63555E5}.Debug|Any CPU.Build.0 = Debug|Any CPU
		{59657FE0-2A64-E1B9-FF2D-1B8FF63555E5}.Release|Any CPU.ActiveCfg = Release|Any CPU
		{59657FE0-2A64-E1B9-FF2D-1B8FF63555E5}.Release|Any CPU.Build.0 = Release|Any CPU
		{61F9988D-6CDA-7A65-DC59-53E037F6BABE}.Debug|Any CPU.ActiveCfg = Debug|Any CPU
		{61F9988D-6CDA-7A65-DC59-53E037F6BABE}.Debug|Any CPU.Build.0 = Debug|Any CPU
		{61F9988D-6CDA-7A65-DC59-53E037F6BABE}.Release|Any CPU.ActiveCfg = Release|Any CPU
		{61F9988D-6CDA-7A65-DC59-53E037F6BABE}.Release|Any CPU.Build.0 = Release|Any CPU
	EndGlobalSection
	GlobalSection(SolutionProperties) = preSolution
		HideSolutionNode = FALSE
	EndGlobalSection
EndGlobal
