
Microsoft Visual Studio Solution File, Format Version 12.00
# Visual Studio 15
Project("{FAE04EC0-301F-11D3-BF4B-00C04F79EFBC}") = "UnityEngine.UI", "UnityEngine.UI.csproj", "{20E73CF0-1F02-3409-089F-F166866E5861}"
EndProject
Project("{FAE04EC0-301F-11D3-BF4B-00C04F79EFBC}") = "Assembly-CSharp", "Assembly-CSharp.csproj", "{281DF7F2-D27C-865A-BF03-DE519BCA7A8E}"
EndProject
Project("{FAE04EC0-301F-11D3-BF4B-00C04F79EFBC}") = "UnityEditor.UI", "UnityEditor.UI.csproj", "{329D7D45-4BFB-9646-C712-5DAD4A2B88B7}"
EndProject
Global
	GlobalSection(SolutionConfigurationPlatforms) = preSolution
		Debug|Any CPU = Debug|Any CPU
		Release|Any CPU = Release|Any CPU
	EndGlobalSection
	GlobalSection(ProjectConfigurationPlatforms) = postSolution
		{20E73CF0-1F02-3409-089F-F166866E5861}.Debug|Any CPU.ActiveCfg = Debug|Any CPU
		{20E73CF0-1F02-3409-089F-F166866E5861}.Debug|Any CPU.Build.0 = Debug|Any CPU
		{20E73CF0-1F02-3409-089F-F166866E5861}.Release|Any CPU.ActiveCfg = Release|Any CPU
		{20E73CF0-1F02-3409-089F-F166866E5861}.Release|Any CPU.Build.0 = Release|Any CPU
		{281DF7F2-D27C-865A-BF03-DE519BCA7A8E}.Debug|Any CPU.ActiveCfg = Debug|Any CPU
		{281DF7F2-D27C-865A-BF03-DE519BCA7A8E}.Debug|Any CPU.Build.0 = Debug|Any CPU
		{281DF7F2-D27C-865A-BF03-DE519BCA7A8E}.Release|Any CPU.ActiveCfg = Release|Any CPU
		{281DF7F2-D27C-865A-BF03-DE519BCA7A8E}.Release|Any CPU.Build.0 = Release|Any CPU
		{329D7D45-4BFB-9646-C712-5DAD4A2B88B7}.Debug|Any CPU.ActiveCfg = Debug|Any CPU
		{329D7D45-4BFB-9646-C712-5DAD4A2B88B7}.Debug|Any CPU.Build.0 = Debug|Any CPU
		{329D7D45-4BFB-9646-C712-5DAD4A2B88B7}.Release|Any CPU.ActiveCfg = Release|Any CPU
		{329D7D45-4BFB-9646-C712-5DAD4A2B88B7}.Release|Any CPU.Build.0 = Release|Any CPU
	EndGlobalSection
	GlobalSection(SolutionProperties) = preSolution
		HideSolutionNode = FALSE
	EndGlobalSection
EndGlobal
